// !$*UTF8*$!
{
	archiveVersion = 1;
	classes = {
	};
	objectVersion = 46;
	objects = {

/* Begin PBXBuildFile section */
		727AE8D31E14FDC7004376B1 /* main.m in Sources */ = {isa = PBXBuildFile; fileRef = 727AE8D21E14FDC7004376B1 /* main.m */; };
		727AE8D61E14FDC7004376B1 /* AppDelegate.m in Sources */ = {isa = PBXBuildFile; fileRef = 727AE8D51E14FDC7004376B1 /* AppDelegate.m */; };
		727AE8D91E14FDC7004376B1 /* ViewController.m in Sources */ = {isa = PBXBuildFile; fileRef = 727AE8D81E14FDC7004376B1 /* ViewController.m */; };
		727AE8DC1E14FDC7004376B1 /* Main.storyboard in Resources */ = {isa = PBXBuildFile; fileRef = 727AE8DA1E14FDC7004376B1 /* Main.storyboard */; };
		727AE8DE1E14FDC7004376B1 /* Assets.xcassets in Resources */ = {isa = PBXBuildFile; fileRef = 727AE8DD1E14FDC7004376B1 /* Assets.xcassets */; };
		727AE8E11E14FDC7004376B1 /* LaunchScreen.storyboard in Resources */ = {isa = PBXBuildFile; fileRef = 727AE8DF1E14FDC7004376B1 /* LaunchScreen.storyboard */; };
		727AE8EA1E14FF2A004376B1 /* DownloadManager.m in Sources */ = {isa = PBXBuildFile; fileRef = 727AE8E91E14FF2A004376B1 /* DownloadManager.m */; };
		727AE8F01E150D6A004376B1 /* Mother.m in Sources */ = {isa = PBXBuildFile; fileRef = 727AE8EC1E150D6A004376B1 /* Mother.m */; };
		727AE8F11E150D6A004376B1 /* Nurse.m in Sources */ = {isa = PBXBuildFile; fileRef = 727AE8EF1E150D6A004376B1 /* Nurse.m */; };
/* End PBXBuildFile section */

/* Begin PBXFileReference section */
		727AE8CE1E14FDC7004376B1 /* Block.app */ = {isa = PBXFileReference; explicitFileType = wrapper.application; includeInIndex = 0; path = Block.app; sourceTree = BUILT_PRODUCTS_DIR; };
		727AE8D21E14FDC7004376B1 /* main.m */ = {isa = PBXFileReference; lastKnownFileType = sourcecode.c.objc; path = main.m; sourceTree = "<group>"; };
		727AE8D41E14FDC7004376B1 /* AppDelegate.h */ = {isa = PBXFileReference; lastKnownFileType = sourcecode.c.h; path = AppDelegate.h; sourceTree = "<group>"; };
		727AE8D51E14FDC7004376B1 /* AppDelegate.m */ = {isa = PBXFileReference; lastKnownFileType = sourcecode.c.objc; path = AppDelegate.m; sourceTree = "<group>"; };
		727AE8D71E14FDC7004376B1 /* ViewController.h */ = {isa = PBXFileReference; lastKnownFileType = sourcecode.c.h; path = ViewController.h; sourceTree = "<group>"; };
		727AE8D81E14FDC7004376B1 /* ViewController.m */ = {isa = PBXFileReference; lastKnownFileType = sourcecode.c.objc; path = ViewController.m; sourceTree = "<group>"; };
		727AE8DB1E14FDC7004376B1 /* Base */ = {isa = PBXFileReference; lastKnownFileType = file.storyboard; name = Base; path = Base.lproj/Main.storyboard; sourceTree = "<group>"; };
		727AE8DD1E14FDC7004376B1 /* Assets.xcassets */ = {isa = PBXFileReference; lastKnownFileType = folder.assetcatalog; path = Assets.xcassets; sourceTree = "<group>"; };
		727AE8E01E14FDC7004376B1 /* Base */ = {isa = PBXFileReference; lastKnownFileType = file.storyboard; name = Base; path = Base.lproj/LaunchScreen.storyboard; sourceTree = "<group>"; };
		727AE8E21E14FDC7004376B1 /* Info.plist */ = {isa = PBXFileReference; lastKnownFileType = text.plist.xml; path = Info.plist; sourceTree = "<group>"; };
		727AE8E81E14FF2A004376B1 /* DownloadManager.h */ = {isa = PBXFileReference; fileEncoding = 4; lastKnownFileType = sourcecode.c.h; path = DownloadManager.h; sourceTree = "<group>"; };
		727AE8E91E14FF2A004376B1 /* DownloadManager.m */ = {isa = PBXFileReference; fileEncoding = 4; lastKnownFileType = sourcecode.c.objc; path = DownloadManager.m; sourceTree = "<group>"; };
		727AE8EB1E150D6A004376B1 /* Mother.h */ = {isa = PBXFileReference; fileEncoding = 4; lastKnownFileType = sourcecode.c.h; path = Mother.h; sourceTree = "<group>"; };
		727AE8EC1E150D6A004376B1 /* Mother.m */ = {isa = PBXFileReference; fileEncoding = 4; lastKnownFileType = sourcecode.c.objc; path = Mother.m; sourceTree = "<group>"; };
		727AE8ED1E150D6A004376B1 /* MotherProtocl.h */ = {isa = PBXFileReference; fileEncoding = 4; lastKnownFileType = sourcecode.c.h; path = MotherProtocl.h; sourceTree = "<group>"; };
		727AE8EE1E150D6A004376B1 /* Nurse.h */ = {isa = PBXFileReference; fileEncoding = 4; lastKnownFileType = sourcecode.c.h; path = Nurse.h; sourceTree = "<group>"; };
		727AE8EF1E150D6A004376B1 /* Nurse.m */ = {isa = PBXFileReference; fileEncoding = 4; lastKnownFileType = sourcecode.c.objc; path = Nurse.m; sourceTree = "<group>"; };
/* End PBXFileReference section */

/* Begin PBXFrameworksBuildPhase section */
		727AE8CB1E14FDC7004376B1 /* Frameworks */ = {
			isa = PBXFrameworksBuildPhase;
			buildActionMask = 2147483647;
			files = (
			);
			runOnlyForDeploymentPostprocessing = 0;
		};
/* End PBXFrameworksBuildPhase section */

/* Begin PBXGroup section */
		727AE8C51E14FDC7004376B1 = {
			isa = PBXGroup;
			children = (
				727AE8D01E14FDC7004376B1 /* Block */,
				727AE8CF1E14FDC7004376B1 /* Products */,
			);
			sourceTree = "<group>";
		};
		727AE8CF1E14FDC7004376B1 /* Products */ = {
			isa = PBXGroup;
			children = (
				727AE8CE1E14FDC7004376B1 /* Block.app */,
			);
			name = Products;
			sourceTree = "<group>";
		};
		727AE8D01E14FDC7004376B1 /* Block */ = {
			isa = PBXGroup;
			children = (
				727AE8E81E14FF2A004376B1 /* DownloadManager.h */,
				727AE8E91E14FF2A004376B1 /* DownloadManager.m */,
				727AE8D41E14FDC7004376B1 /* AppDelegate.h */,
				727AE8D51E14FDC7004376B1 /* AppDelegate.m */,
				727AE8D71E14FDC7004376B1 /* ViewController.h */,
				727AE8D81E14FDC7004376B1 /* ViewController.m */,
				727AE8EB1E150D6A004376B1 /* Mother.h */,
				727AE8EC1E150D6A004376B1 /* Mother.m */,
				727AE8ED1E150D6A004376B1 /* MotherProtocl.h */,
				727AE8EE1E150D6A004376B1 /* Nurse.h */,
				727AE8EF1E150D6A004376B1 /* Nurse.m */,
				727AE8DA1E14FDC7004376B1 /* Main.storyboard */,
				727AE8DD1E14FDC7004376B1 /* Assets.xcassets */,
				727AE8DF1E14FDC7004376B1 /* LaunchScreen.storyboard */,
				727AE8E21E14FDC7004376B1 /* Info.plist */,
				727AE8D11E14FDC7004376B1 /* Supporting Files */,
			);
			path = Block;
			sourceTree = "<group>";
		};
		727AE8D11E14FDC7004376B1 /* Supporting Files */ = {
			isa = PBXGroup;
			children = (
				727AE8D21E14FDC7004376B1 /* main.m */,
			);
			name = "Supporting Files";
			sourceTree = "<group>";
		};
/* End PBXGroup section */

/* Begin PBXNativeTarget section */
		727AE8CD1E14FDC7004376B1 /* Block */ = {
			isa = PBXNativeTarget;
			buildConfigurationList = 727AE8E51E14FDC7004376B1 /* Build configuration list for PBXNativeTarget "Block" */;
			buildPhases = (
				727AE8CA1E14FDC7004376B1 /* Sources */,
				727AE8CB1E14FDC7004376B1 /* Frameworks */,
				727AE8CC1E14FDC7004376B1 /* Resources */,
			);
			buildRules = (
			);
			dependencies = (
			);
			name = Block;
			productName = Block;
			productReference = 727AE8CE1E14FDC7004376B1 /* Block.app */;
			productType = "com.apple.product-type.application";
		};
/* End PBXNativeTarget section */

/* Begin PBXProject section */
		727AE8C61E14FDC7004376B1 /* Project object */ = {
			isa = PBXProject;
			attributes = {
				LastUpgradeCheck = 0710;
				ORGANIZATIONNAME = TL;
				TargetAttributes = {
					727AE8CD1E14FDC7004376B1 = {
						CreatedOnToolsVersion = 7.1;
					};
				};
			};
			buildConfigurationList = 727AE8C91E14FDC7004376B1 /* Build configuration list for PBXProject "Block" */;
			compatibilityVersion = "Xcode 3.2";
			developmentRegion = English;
			hasScannedForEncodings = 0;
			knownRegions = (
				en,
				Base,
			);
			mainGroup = 727AE8C51E14FDC7004376B1;
			productRefGroup = 727AE8CF1E14FDC7004376B1 /* Products */;
			projectDirPath = "";
			projectRoot = "";
			targets = (
				727AE8CD1E14FDC7004376B1 /* Block */,
			);
		};
/* End PBXProject section */

/* Begin PBXResourcesBuildPhase section */
		727AE8CC1E14FDC7004376B1 /* Resources */ = {
			isa = PBXResourcesBuildPhase;
			buildActionMask = 2147483647;
			files = (
				727AE8E11E14FDC7004376B1 /* LaunchScreen.storyboard in Resources */,
				727AE8DE1E14FDC7004376B1 /* Assets.xcassets in Resources */,
				727AE8DC1E14FDC7004376B1 /* Main.storyboard in Resources */,
			);
			runOnlyForDeploymentPostprocessing = 0;
		};
/* End PBXResourcesBuildPhase section */

/* Begin PBXSourcesBuildPhase section */
		727AE8CA1E14FDC7004376B1 /* Sources */ = {
			isa = PBXSourcesBuildPhase;
			buildActionMask = 2147483647;
			files = (
				727AE8D91E14FDC7004376B1 /* ViewController.m in Sources */,
				727AE8D61E14FDC7004376B1 /* AppDelegate.m in Sources */,
				727AE8D31E14FDC7004376B1 /* main.m in Sources */,
				727AE8F11E150D6A004376B1 /* Nurse.m in Sources */,
				727AE8EA1E14FF2A004376B1 /* DownloadManager.m in Sources */,
				727AE8F01E150D6A004376B1 /* Mother.m in Sources */,
			);
			runOnlyForDeploymentPostprocessing = 0;
		};
/* End PBXSourcesBuildPhase section */

/* Begin PBXVariantGroup section */
		727AE8DA1E14FDC7004376B1 /* Main.storyboard */ = {
			isa = PBXVariantGroup;
			children = (
				727AE8DB1E14FDC7004376B1 /* Base */,
			);
			name = Main.storyboard;
			sourceTree = "<group>";
		};
		727AE8DF1E14FDC7004376B1 /* LaunchScreen.storyboard */ = {
			isa = PBXVariantGroup;
			children = (
				727AE8E01E14FDC7004376B1 /* Base */,
			);
			name = LaunchScreen.storyboard;
			sourceTree = "<group>";
		};
/* End PBXVariantGroup section */

/* Begin XCBuildConfiguration section */
		727AE8E31E14FDC7004376B1 /* Debug */ = {
			isa = XCBuildConfiguration;
			buildSettings = {
				ALWAYS_SEARCH_USER_PATHS = NO;
				CLANG_CXX_LANGUAGE_STANDARD = "gnu++0x";
				CLANG_CXX_LIBRARY = "libc++";
				CLANG_ENABLE_MODULES = YES;
				CLANG_ENABLE_OBJC_ARC = YES;
				CLANG_WARN_BOOL_CONVERSION = YES;
				CLANG_WARN_CONSTANT_CONVERSION = YES;
				CLANG_WARN_DIRECT_OBJC_ISA_USAGE = YES_ERROR;
				CLANG_WARN_EMPTY_BODY = YES;
				CLANG_WARN_ENUM_CONVERSION = YES;
				CLANG_WARN_INT_CONVERSION = YES;
				CLANG_WARN_OBJC_ROOT_CLASS = YES_ERROR;
				CLANG_WARN_UNREACHABLE_CODE = YES;
				CLANG_WARN__DUPLICATE_METHOD_MATCH = YES;
				"CODE_SIGN_IDENTITY[sdk=iphoneos*]" = "iPhone Developer";
				COPY_PHASE_STRIP = NO;
				DEBUG_INFORMATION_FORMAT = dwarf;
				ENABLE_STRICT_OBJC_MSGSEND = YES;
				ENABLE_TESTABILITY = YES;
				GCC_C_LANGUAGE_STANDARD = gnu99;
				GCC_DYNAMIC_NO_PIC = NO;
				GCC_NO_COMMON_BLOCKS = YES;
				GCC_OPTIMIZATION_LEVEL = 0;
				GCC_PREPROCESSOR_DEFINITIONS = (
					"DEBUG=1",
					"$(inherited)",
				);
				GCC_WARN_64_TO_32_BIT_CONVERSION = YES;
				GCC_WARN_ABOUT_RETURN_TYPE = YES_ERROR;
				GCC_WARN_UNDECLARED_SELECTOR = YES;
				GCC_WARN_UNINITIALIZED_AUTOS = YES_AGGRESSIVE;
				GCC_WARN_UNUSED_FUNCTION = YES;
				GCC_WARN_UNUSED_VARIABLE = YES;
				IPHONEOS_DEPLOYMENT_TARGET = 9.1;
				MTL_ENABLE_DEBUG_INFO = YES;
				ONLY_ACTIVE_ARCH = YES;
				SDKROOT = iphoneos;
			};
			name = Debug;
		};
		727AE8E41E14FDC7004376B1 /* Release */ = {
			isa = XCBuildConfiguration;
			buildSettings = {
				ALWAYS_SEARCH_USER_PATHS = NO;
				CLANG_CXX_LANGUAGE_STANDARD = "gnu++0x";
				CLANG_CXX_LIBRARY = "libc++";
				CLANG_ENABLE_MODULES = YES;
				CLANG_ENABLE_OBJC_ARC = YES;
				CLANG_WARN_BOOL_CONVERSION = YES;
				CLANG_WARN_CONSTANT_CONVERSION = YES;
				CLANG_WARN_DIRECT_OBJC_ISA_USAGE = YES_ERROR;
				CLANG_WARN_EMPTY_BODY = YES;
				CLANG_WARN_ENUM_CONVERSION = YES;
				CLANG_WARN_INT_CONVERSION = YES;
				CLANG_WARN_OBJC_ROOT_CLASS = YES_ERROR;
				CLANG_WARN_UNREACHABLE_CODE = YES;
				CLANG_WARN__DUPLICATE_METHOD_MATCH = YES;
				"CODE_SIGN_IDENTITY[sdk=iphoneos*]" = "iPhone Developer";
				COPY_PHASE_STRIP = NO;
				DEBUG_INFORMATION_FORMAT = "dwarf-with-dsym";
				ENABLE_NS_ASSERTIONS = NO;
				ENABLE_STRICT_OBJC_MSGSEND = YES;
				GCC_C_LANGUAGE_STANDARD = gnu99;
				GCC_NO_COMMON_BLOCKS = YES;
				GCC_WARN_64_TO_32_BIT_CONVERSION = YES;
				GCC_WARN_ABOUT_RETURN_TYPE = YES_ERROR;
				GCC_WARN_UNDECLARED_SELECTOR = YES;
				GCC_WARN_UNINITIALIZED_AUTOS = YES_AGGRESSIVE;
				GCC_WARN_UNUSED_FUNCTION = YES;
				GCC_WARN_UNUSED_VARIABLE = YES;
				IPHONEOS_DEPLOYMENT_TARGET = 9.1;
				MTL_ENABLE_DEBUG_INFO = NO;
				SDKROOT = iphoneos;
				VALIDATE_PRODUCT = YES;
			};
			name = Release;
		};
		727AE8E61E14FDC7004376B1 /* Debug */ = {
			isa = XCBuildConfiguration;
			buildSettings = {
				ASSETCATALOG_COMPILER_APPICON_NAME = AppIcon;
				INFOPLIST_FILE = Block/Info.plist;
				LD_RUNPATH_SEARCH_PATHS = "$(inherited) @executable_path/Frameworks";
				PRODUCT_BUNDLE_IDENTIFIER = com.tl.Block;
				PRODUCT_NAME = "$(TARGET_NAME)";
			};
			name = Debug;
		};
		727AE8E71E14FDC7004376B1 /* Release */ = {
			isa = XCBuildConfiguration;
			buildSettings = {
				ASSETCATALOG_COMPILER_APPICON_NAME = AppIcon;
				INFOPLIST_FILE = Block/Info.plist;
				LD_RUNPATH_SEARCH_PATHS = "$(inherited) @executable_path/Frameworks";
				PRODUCT_BUNDLE_IDENTIFIER = com.tl.Block;
				PRODUCT_NAME = "$(TARGET_NAME)";
			};
			name = Release;
		};
/* End XCBuildConfiguration section */

/* Begin XCConfigurationList section */
		727AE8C91E14FDC7004376B1 /* Build configuration list for PBXProject "Block" */ = {
			isa = XCConfigurationList;
			buildConfigurations = (
				727AE8E31E14FDC7004376B1 /* Debug */,
				727AE8E41E14FDC7004376B1 /* Release */,
			);
			defaultConfigurationIsVisible = 0;
			defaultConfigurationName = Release;
		};
		727AE8E51E14FDC7004376B1 /* Build configuration list for PBXNativeTarget "Block" */ = {
			isa = XCConfigurationList;
			buildConfigurations = (
				727AE8E61E14FDC7004376B1 /* Debug */,
				727AE8E71E14FDC7004376B1 /* Release */,
			);
			defaultConfigurationIsVisible = 0;
		};
/* End XCConfigurationList section */
	};
	rootObject = 727AE8C61E14FDC7004376B1 /* Project object */;
}
